
Microsoft Visual Studio Solution File, Format Version 12.00
# Visual Studio Version 17
VisualStudioVersion = 17.7.34031.279
MinimumVisualStudioVersion = 10.0.40219.1
Project("{FAE04EC0-301F-11D3-BF4B-00C04F79EFBC}") = "FormulaGeneral", "FormulaGeneral\FormulaGeneral.csproj", "{119F57BD-39F1-4980-84CC-FDC4DB248B2E}"
EndProject
Global
	GlobalSection(SolutionConfigurationPlatforms) = preSolution
		Debug|Any CPU = Debug|Any CPU
		Release|Any CPU = Release|Any CPU
	EndGlobalSection
	GlobalSection(ProjectConfigurationPlatforms) = postSolution
		{119F57BD-39F1-4980-84CC-FDC4DB248B2E}.Debug|Any CPU.ActiveCfg = Debug|Any CPU
		{119F57BD-39F1-4980-84CC-FDC4DB248B2E}.Debug|Any CPU.Build.0 = Debug|Any CPU
		{119F57BD-39F1-4980-84CC-FDC4DB248B2E}.Release|Any CPU.ActiveCfg = Release|Any CPU
		{119F57BD-39F1-4980-84CC-FDC4DB248B2E}.Release|Any CPU.Build.0 = Release|Any CPU
	EndGlobalSection
	GlobalSection(SolutionProperties) = preSolution
		HideSolutionNode = FALSE
	EndGlobalSection
	GlobalSection(ExtensibilityGlobals) = postSolution
		SolutionGuid = {95FF9139-3486-47A7-89AC-2157B1AD3EC7}
	EndGlobalSection
EndGlobal
